
Microsoft Visual Studio Solution File, Format Version 12.00
# Visual Studio Version 17
VisualStudioVersion = 17.8.34330.188
MinimumVisualStudioVersion = 10.0.40219.1
Project("{FAE04EC0-301F-11D3-BF4B-00C04F79EFBC}") = "ExceptionHandlingDemo", "ExceptionHandlingDemo\ExceptionHandlingDemo.csproj", "{8D65B0D4-7384-4B96-8CB6-EAA8D9205FA5}"
	ProjectSection(ProjectDependencies) = postProject
		{C50C5C32-B955-4BA0-A968-FBCCDDC1F98A} = {C50C5C32-B955-4BA0-A968-FBCCDDC1F98A}
	EndProjectSection
EndProject
Project("{FAE04EC0-301F-11D3-BF4B-00C04F79EFBC}") = "ExceptionProjectLibrary", "ExceptionProjectLibrary\ExceptionProjectLibrary.csproj", "{C50C5C32-B955-4BA0-A968-FBCCDDC1F98A}"
EndProject
Global
	GlobalSection(SolutionConfigurationPlatforms) = preSolution
		Debug|Any CPU = Debug|Any CPU
		Release|Any CPU = Release|Any CPU
	EndGlobalSection
	GlobalSection(ProjectConfigurationPlatforms) = postSolution
		{8D65B0D4-7384-4B96-8CB6-EAA8D9205FA5}.Debug|Any CPU.ActiveCfg = Debug|Any CPU
		{8D65B0D4-7384-4B96-8CB6-EAA8D9205FA5}.Debug|Any CPU.Build.0 = Debug|Any CPU
		{8D65B0D4-7384-4B96-8CB6-EAA8D9205FA5}.Release|Any CPU.ActiveCfg = Release|Any CPU
		{8D65B0D4-7384-4B96-8CB6-EAA8D9205FA5}.Release|Any CPU.Build.0 = Release|Any CPU
		{C50C5C32-B955-4BA0-A968-FBCCDDC1F98A}.Debug|Any CPU.ActiveCfg = Debug|Any CPU
		{C50C5C32-B955-4BA0-A968-FBCCDDC1F98A}.Debug|Any CPU.Build.0 = Debug|Any CPU
		{C50C5C32-B955-4BA0-A968-FBCCDDC1F98A}.Release|Any CPU.ActiveCfg = Release|Any CPU
		{C50C5C32-B955-4BA0-A968-FBCCDDC1F98A}.Release|Any CPU.Build.0 = Release|Any CPU
	EndGlobalSection
	GlobalSection(SolutionProperties) = preSolution
		HideSolutionNode = FALSE
	EndGlobalSection
	GlobalSection(ExtensibilityGlobals) = postSolution
		SolutionGuid = {0180501F-8535-459C-B3FE-A3242C480F09}
	EndGlobalSection
EndGlobal
